github.com/TheForgotten69/goinsta/v2 v2.7.0 h1:5jksQUDI84u0ZZvLyZPY9qTnaq663HqKio7Zk/VHAAI=
github.com/TheForgotten69/goinsta/v2 v2.7.0/go.mod h1:dAlLd6WX96PE5XvFgkpn4KiHo/4tIPPsv9+lxt6hyXw=
github.com/dhowden/raspicam v0.0.0-20190323051945-60ef25a6629f h1:oT+wXjVnCofGqUTbPqRJKs3ne9vhxNumXk3PxMRkRTc=
github.com/dhowden/raspicam v0.0.0-20190323051945-60ef25a6629f/go.mod h1:OMzt06oC5E5YW+9MyiiuX5oNfBGzpTeMRmGOK5OB8SE=
